// !$*UTF8*$!
{
	archiveVersion = 1;
	classes = {
	};
	objectVersion = 56;
	objects = {

/* Begin PBXBuildFile section */
		010F9DBB2C67BBA200CCC355 /* SelectView.swift in Sources */ = {isa = PBXBuildFile; fileRef = 010F9DB92C67BBA200CCC355 /* SelectView.swift */; };
		010F9DBC2C67BBA200CCC355 /* HiHaedalView.swift in Sources */ = {isa = PBXBuildFile; fileRef = 010F9DBA2C67BBA200CCC355 /* HiHaedalView.swift */; };
		010F9DBE2C67BC8700CCC355 /* MainView.swift in Sources */ = {isa = PBXBuildFile; fileRef = 010F9DBD2C67BC8700CCC355 /* MainView.swift */; };
		010F9DC02C67C3BD00CCC355 /* ContentViewModel.swift in Sources */ = {isa = PBXBuildFile; fileRef = 010F9DBF2C67C3BD00CCC355 /* ContentViewModel.swift */; };
		01BFC0D12C67E965001E043A /* TestView.swift in Sources */ = {isa = PBXBuildFile; fileRef = 01BFC0D02C67E965001E043A /* TestView.swift */; };
		01E462082C67402B00FD6EF3 /* gpt.swift in Sources */ = {isa = PBXBuildFile; fileRef = 01E462062C67402B00FD6EF3 /* gpt.swift */; };
		01E462092C67402B00FD6EF3 /* api.swift in Sources */ = {isa = PBXBuildFile; fileRef = 01E462072C67402B00FD6EF3 /* api.swift */; };
		01E462142C674D6600FD6EF3 /* Pretendard-Black.otf in Resources */ = {isa = PBXBuildFile; fileRef = 01E4620A2C674D6600FD6EF3 /* Pretendard-Black.otf */; };
		01E462152C674D6600FD6EF3 /* Pretendard-Bold.otf in Resources */ = {isa = PBXBuildFile; fileRef = 01E4620B2C674D6600FD6EF3 /* Pretendard-Bold.otf */; };
		01E462162C674D6600FD6EF3 /* Pretendard-ExtraBold.otf in Resources */ = {isa = PBXBuildFile; fileRef = 01E4620C2C674D6600FD6EF3 /* Pretendard-ExtraBold.otf */; };
		01E462172C674D6600FD6EF3 /* Pretendard-ExtraLight.otf in Resources */ = {isa = PBXBuildFile; fileRef = 01E4620D2C674D6600FD6EF3 /* Pretendard-ExtraLight.otf */; };
		01E462182C674D6600FD6EF3 /* Pretendard-Light.otf in Resources */ = {isa = PBXBuildFile; fileRef = 01E4620E2C674D6600FD6EF3 /* Pretendard-Light.otf */; };
		01E462192C674D6600FD6EF3 /* Pretendard-Medium.otf in Resources */ = {isa = PBXBuildFile; fileRef = 01E4620F2C674D6600FD6EF3 /* Pretendard-Medium.otf */; };
		01E4621A2C674D6600FD6EF3 /* Pretendard-Regular.otf in Resources */ = {isa = PBXBuildFile; fileRef = 01E462102C674D6600FD6EF3 /* Pretendard-Regular.otf */; };
		01E4621B2C674D6600FD6EF3 /* Pretendard-SemiBold.otf in Resources */ = {isa = PBXBuildFile; fileRef = 01E462112C674D6600FD6EF3 /* Pretendard-SemiBold.otf */; };
		01E4621C2C674D6600FD6EF3 /* Pretendard-Thin.otf in Resources */ = {isa = PBXBuildFile; fileRef = 01E462122C674D6600FD6EF3 /* Pretendard-Thin.otf */; };
		01E4621E2C675CD400FD6EF3 /* DateManager.swift in Sources */ = {isa = PBXBuildFile; fileRef = 01E4621D2C675CD400FD6EF3 /* DateManager.swift */; };
		01E462202C67864500FD6EF3 /* loading.json in Resources */ = {isa = PBXBuildFile; fileRef = 01E4621F2C67864500FD6EF3 /* loading.json */; };
		01E462222C67880900FD6EF3 /* LottieView.swift in Sources */ = {isa = PBXBuildFile; fileRef = 01E462212C67880900FD6EF3 /* LottieView.swift */; };
		01E462312C67B03B00FD6EF3 /* IngredientView.swift in Sources */ = {isa = PBXBuildFile; fileRef = 01E4622D2C67B03B00FD6EF3 /* IngredientView.swift */; };
		01E462322C67B03B00FD6EF3 /* RecommandView.swift in Sources */ = {isa = PBXBuildFile; fileRef = 01E4622E2C67B03B00FD6EF3 /* RecommandView.swift */; };
		01E462332C67B03B00FD6EF3 /* IngredientDetailView.swift in Sources */ = {isa = PBXBuildFile; fileRef = 01E4622F2C67B03B00FD6EF3 /* IngredientDetailView.swift */; };
		01E462342C67B03B00FD6EF3 /* SymptomsView.swift in Sources */ = {isa = PBXBuildFile; fileRef = 01E462302C67B03B00FD6EF3 /* SymptomsView.swift */; };
		63047F852C670CED00995467 /* OnboardingVIew.swift in Sources */ = {isa = PBXBuildFile; fileRef = 63047F842C670CED00995467 /* OnboardingVIew.swift */; };
		63A7C7892C677E78006536BD /* IngView.swift in Sources */ = {isa = PBXBuildFile; fileRef = 63A7C7882C677E78006536BD /* IngView.swift */; };
		63A7C78E2C677EC9006536BD /* Lottie in Frameworks */ = {isa = PBXBuildFile; productRef = 63A7C78D2C677EC9006536BD /* Lottie */; };
		9D4F37602C66915800DD96B0 /* Can_I_eat_gwamegi_App.swift in Sources */ = {isa = PBXBuildFile; fileRef = 9D4F375F2C66915800DD96B0 /* Can_I_eat_gwamegi_App.swift */; };
		9D4F37622C66915800DD96B0 /* ContentView.swift in Sources */ = {isa = PBXBuildFile; fileRef = 9D4F37612C66915800DD96B0 /* ContentView.swift */; };
		9D4F37662C66915900DD96B0 /* Assets.xcassets in Resources */ = {isa = PBXBuildFile; fileRef = 9D4F37652C66915900DD96B0 /* Assets.xcassets */; };
		9D4F37692C66915900DD96B0 /* Preview Assets.xcassets in Resources */ = {isa = PBXBuildFile; fileRef = 9D4F37682C66915900DD96B0 /* Preview Assets.xcassets */; };
/* End PBXBuildFile section */

/* Begin PBXFileReference section */
		010F9DB92C67BBA200CCC355 /* SelectView.swift */ = {isa = PBXFileReference; fileEncoding = 4; lastKnownFileType = sourcecode.swift; path = SelectView.swift; sourceTree = "<group>"; };
		010F9DBA2C67BBA200CCC355 /* HiHaedalView.swift */ = {isa = PBXFileReference; fileEncoding = 4; lastKnownFileType = sourcecode.swift; path = HiHaedalView.swift; sourceTree = "<group>"; };
		010F9DBD2C67BC8700CCC355 /* MainView.swift */ = {isa = PBXFileReference; lastKnownFileType = sourcecode.swift; path = MainView.swift; sourceTree = "<group>"; };
		010F9DBF2C67C3BD00CCC355 /* ContentViewModel.swift */ = {isa = PBXFileReference; lastKnownFileType = sourcecode.swift; path = ContentViewModel.swift; sourceTree = "<group>"; };
		013793F62C67322E003DDD72 /* Can-I-eat-gwamegi--Info.plist */ = {isa = PBXFileReference; lastKnownFileType = text.plist; path = "Can-I-eat-gwamegi--Info.plist"; sourceTree = SOURCE_ROOT; };
		01BFC0D02C67E965001E043A /* TestView.swift */ = {isa = PBXFileReference; fileEncoding = 4; lastKnownFileType = sourcecode.swift; path = TestView.swift; sourceTree = "<group>"; };
		01E462062C67402B00FD6EF3 /* gpt.swift */ = {isa = PBXFileReference; fileEncoding = 4; lastKnownFileType = sourcecode.swift; path = gpt.swift; sourceTree = "<group>"; };
		01E462072C67402B00FD6EF3 /* api.swift */ = {isa = PBXFileReference; fileEncoding = 4; lastKnownFileType = sourcecode.swift; path = api.swift; sourceTree = "<group>"; };
		01E4620A2C674D6600FD6EF3 /* Pretendard-Black.otf */ = {isa = PBXFileReference; lastKnownFileType = file; path = "Pretendard-Black.otf"; sourceTree = "<group>"; };
		01E4620B2C674D6600FD6EF3 /* Pretendard-Bold.otf */ = {isa = PBXFileReference; lastKnownFileType = file; path = "Pretendard-Bold.otf"; sourceTree = "<group>"; };
		01E4620C2C674D6600FD6EF3 /* Pretendard-ExtraBold.otf */ = {isa = PBXFileReference; lastKnownFileType = file; path = "Pretendard-ExtraBold.otf"; sourceTree = "<group>"; };
		01E4620D2C674D6600FD6EF3 /* Pretendard-ExtraLight.otf */ = {isa = PBXFileReference; lastKnownFileType = file; path = "Pretendard-ExtraLight.otf"; sourceTree = "<group>"; };
		01E4620E2C674D6600FD6EF3 /* Pretendard-Light.otf */ = {isa = PBXFileReference; lastKnownFileType = file; path = "Pretendard-Light.otf"; sourceTree = "<group>"; };
		01E4620F2C674D6600FD6EF3 /* Pretendard-Medium.otf */ = {isa = PBXFileReference; lastKnownFileType = file; path = "Pretendard-Medium.otf"; sourceTree = "<group>"; };
		01E462102C674D6600FD6EF3 /* Pretendard-Regular.otf */ = {isa = PBXFileReference; lastKnownFileType = file; path = "Pretendard-Regular.otf"; sourceTree = "<group>"; };
		01E462112C674D6600FD6EF3 /* Pretendard-SemiBold.otf */ = {isa = PBXFileReference; lastKnownFileType = file; path = "Pretendard-SemiBold.otf"; sourceTree = "<group>"; };
		01E462122C674D6600FD6EF3 /* Pretendard-Thin.otf */ = {isa = PBXFileReference; lastKnownFileType = file; path = "Pretendard-Thin.otf"; sourceTree = "<group>"; };
		01E4621D2C675CD400FD6EF3 /* DateManager.swift */ = {isa = PBXFileReference; lastKnownFileType = sourcecode.swift; path = DateManager.swift; sourceTree = "<group>"; };
		01E4621F2C67864500FD6EF3 /* loading.json */ = {isa = PBXFileReference; fileEncoding = 4; lastKnownFileType = text.json; path = loading.json; sourceTree = "<group>"; };
		01E462212C67880900FD6EF3 /* LottieView.swift */ = {isa = PBXFileReference; lastKnownFileType = sourcecode.swift; path = LottieView.swift; sourceTree = "<group>"; };
		01E4622D2C67B03B00FD6EF3 /* IngredientView.swift */ = {isa = PBXFileReference; fileEncoding = 4; lastKnownFileType = sourcecode.swift; path = IngredientView.swift; sourceTree = "<group>"; };
		01E4622E2C67B03B00FD6EF3 /* RecommandView.swift */ = {isa = PBXFileReference; fileEncoding = 4; lastKnownFileType = sourcecode.swift; path = RecommandView.swift; sourceTree = "<group>"; };
		01E4622F2C67B03B00FD6EF3 /* IngredientDetailView.swift */ = {isa = PBXFileReference; fileEncoding = 4; lastKnownFileType = sourcecode.swift; path = IngredientDetailView.swift; sourceTree = "<group>"; };
		01E462302C67B03B00FD6EF3 /* SymptomsView.swift */ = {isa = PBXFileReference; fileEncoding = 4; lastKnownFileType = sourcecode.swift; path = SymptomsView.swift; sourceTree = "<group>"; };
		63047F842C670CED00995467 /* OnboardingVIew.swift */ = {isa = PBXFileReference; lastKnownFileType = sourcecode.swift; path = OnboardingVIew.swift; sourceTree = "<group>"; };
		63A7C7882C677E78006536BD /* IngView.swift */ = {isa = PBXFileReference; lastKnownFileType = sourcecode.swift; path = IngView.swift; sourceTree = "<group>"; };
		9D4F375C2C66915800DD96B0 /* Can I eat gwamegi?.app */ = {isa = PBXFileReference; explicitFileType = wrapper.application; includeInIndex = 0; path = "Can I eat gwamegi?.app"; sourceTree = BUILT_PRODUCTS_DIR; };
		9D4F375F2C66915800DD96B0 /* Can_I_eat_gwamegi_App.swift */ = {isa = PBXFileReference; lastKnownFileType = sourcecode.swift; path = Can_I_eat_gwamegi_App.swift; sourceTree = "<group>"; };
		9D4F37612C66915800DD96B0 /* ContentView.swift */ = {isa = PBXFileReference; lastKnownFileType = sourcecode.swift; path = ContentView.swift; sourceTree = "<group>"; };
		9D4F37652C66915900DD96B0 /* Assets.xcassets */ = {isa = PBXFileReference; lastKnownFileType = folder.assetcatalog; path = Assets.xcassets; sourceTree = "<group>"; };
		9D4F37682C66915900DD96B0 /* Preview Assets.xcassets */ = {isa = PBXFileReference; lastKnownFileType = folder.assetcatalog; path = "Preview Assets.xcassets"; sourceTree = "<group>"; };
/* End PBXFileReference section */

/* Begin PBXFrameworksBuildPhase section */
		9D4F37592C66915800DD96B0 /* Frameworks */ = {
			isa = PBXFrameworksBuildPhase;
			buildActionMask = 2147483647;
			files = (
				63A7C78E2C677EC9006536BD /* Lottie in Frameworks */,
			);
			runOnlyForDeploymentPostprocessing = 0;
		};
/* End PBXFrameworksBuildPhase section */

/* Begin PBXGroup section */
		01E462132C674D6600FD6EF3 /* Font */ = {
			isa = PBXGroup;
			children = (
				01E4620A2C674D6600FD6EF3 /* Pretendard-Black.otf */,
				01E4620B2C674D6600FD6EF3 /* Pretendard-Bold.otf */,
				01E4620C2C674D6600FD6EF3 /* Pretendard-ExtraBold.otf */,
				01E4620D2C674D6600FD6EF3 /* Pretendard-ExtraLight.otf */,
				01E4620E2C674D6600FD6EF3 /* Pretendard-Light.otf */,
				01E4620F2C674D6600FD6EF3 /* Pretendard-Medium.otf */,
				01E462102C674D6600FD6EF3 /* Pretendard-Regular.otf */,
				01E462112C674D6600FD6EF3 /* Pretendard-SemiBold.otf */,
				01E462122C674D6600FD6EF3 /* Pretendard-Thin.otf */,
			);
			path = Font;
			sourceTree = "<group>";
		};
		9D4F37532C66915800DD96B0 = {
			isa = PBXGroup;
			children = (
				9D4F375E2C66915800DD96B0 /* Can I eat gwamegi? */,
				9D4F375D2C66915800DD96B0 /* Products */,
			);
			sourceTree = "<group>";
		};
		9D4F375D2C66915800DD96B0 /* Products */ = {
			isa = PBXGroup;
			children = (
				9D4F375C2C66915800DD96B0 /* Can I eat gwamegi?.app */,
			);
			name = Products;
			sourceTree = "<group>";
		};
		9D4F375E2C66915800DD96B0 /* Can I eat gwamegi? */ = {
			isa = PBXGroup;
			children = (
				013793F62C67322E003DDD72 /* Can-I-eat-gwamegi--Info.plist */,
				01E462132C674D6600FD6EF3 /* Font */,
				9D4F375F2C66915800DD96B0 /* Can_I_eat_gwamegi_App.swift */,
				010F9DBD2C67BC8700CCC355 /* MainView.swift */,
				9D4F37612C66915800DD96B0 /* ContentView.swift */,
				010F9DBF2C67C3BD00CCC355 /* ContentViewModel.swift */,
				01E462072C67402B00FD6EF3 /* api.swift */,
				01E462302C67B03B00FD6EF3 /* SymptomsView.swift */,
				010F9DBA2C67BBA200CCC355 /* HiHaedalView.swift */,
				010F9DB92C67BBA200CCC355 /* SelectView.swift */,
				01E4622F2C67B03B00FD6EF3 /* IngredientDetailView.swift */,
				01E4622D2C67B03B00FD6EF3 /* IngredientView.swift */,
				01BFC0D02C67E965001E043A /* TestView.swift */,
				01E4622E2C67B03B00FD6EF3 /* RecommandView.swift */,
				01E462062C67402B00FD6EF3 /* gpt.swift */,
				01E4621D2C675CD400FD6EF3 /* DateManager.swift */,
				63047F842C670CED00995467 /* OnboardingVIew.swift */,
				63A7C7882C677E78006536BD /* IngView.swift */,
				01E462212C67880900FD6EF3 /* LottieView.swift */,
				01E4621F2C67864500FD6EF3 /* loading.json */,
				9D4F37652C66915900DD96B0 /* Assets.xcassets */,
				9D4F37672C66915900DD96B0 /* Preview Content */,
			);
			path = "Can I eat gwamegi?";
			sourceTree = "<group>";
		};
		9D4F37672C66915900DD96B0 /* Preview Content */ = {
			isa = PBXGroup;
			children = (
				9D4F37682C66915900DD96B0 /* Preview Assets.xcassets */,
			);
			path = "Preview Content";
			sourceTree = "<group>";
		};
/* End PBXGroup section */

/* Begin PBXNativeTarget section */
		9D4F375B2C66915800DD96B0 /* Can I eat gwamegi? */ = {
			isa = PBXNativeTarget;
			buildConfigurationList = 9D4F376C2C66915900DD96B0 /* Build configuration list for PBXNativeTarget "Can I eat gwamegi?" */;
			buildPhases = (
				9D4F37582C66915800DD96B0 /* Sources */,
				9D4F37592C66915800DD96B0 /* Frameworks */,
				9D4F375A2C66915800DD96B0 /* Resources */,
			);
			buildRules = (
			);
			dependencies = (
			);
			name = "Can I eat gwamegi?";
			packageProductDependencies = (
				63A7C78D2C677EC9006536BD /* Lottie */,
			);
			productName = "Can I eat gwamegi?";
			productReference = 9D4F375C2C66915800DD96B0 /* Can I eat gwamegi?.app */;
			productType = "com.apple.product-type.application";
		};
/* End PBXNativeTarget section */

/* Begin PBXProject section */
		9D4F37542C66915800DD96B0 /* Project object */ = {
			isa = PBXProject;
			attributes = {
				BuildIndependentTargetsInParallel = 1;
				LastSwiftUpdateCheck = 1530;
				LastUpgradeCheck = 1530;
				TargetAttributes = {
					9D4F375B2C66915800DD96B0 = {
						CreatedOnToolsVersion = 15.3;
					};
				};
			};
			buildConfigurationList = 9D4F37572C66915800DD96B0 /* Build configuration list for PBXProject "Can I eat gwamegi?" */;
			compatibilityVersion = "Xcode 14.0";
			developmentRegion = en;
			hasScannedForEncodings = 0;
			knownRegions = (
				en,
				Base,
			);
			mainGroup = 9D4F37532C66915800DD96B0;
			packageReferences = (
				63A7C78C2C677EC9006536BD /* XCRemoteSwiftPackageReference "lottie-ios" */,
			);
			productRefGroup = 9D4F375D2C66915800DD96B0 /* Products */;
			projectDirPath = "";
			projectRoot = "";
			targets = (
				9D4F375B2C66915800DD96B0 /* Can I eat gwamegi? */,
			);
		};
/* End PBXProject section */

/* Begin PBXResourcesBuildPhase section */
		9D4F375A2C66915800DD96B0 /* Resources */ = {
			isa = PBXResourcesBuildPhase;
			buildActionMask = 2147483647;
			files = (
				01E462172C674D6600FD6EF3 /* Pretendard-ExtraLight.otf in Resources */,
				9D4F37692C66915900DD96B0 /* Preview Assets.xcassets in Resources */,
				01E462152C674D6600FD6EF3 /* Pretendard-Bold.otf in Resources */,
				01E462192C674D6600FD6EF3 /* Pretendard-Medium.otf in Resources */,
				01E4621A2C674D6600FD6EF3 /* Pretendard-Regular.otf in Resources */,
				01E462162C674D6600FD6EF3 /* Pretendard-ExtraBold.otf in Resources */,
				01E462202C67864500FD6EF3 /* loading.json in Resources */,
				01E462182C674D6600FD6EF3 /* Pretendard-Light.otf in Resources */,
				01E4621B2C674D6600FD6EF3 /* Pretendard-SemiBold.otf in Resources */,
				01E462142C674D6600FD6EF3 /* Pretendard-Black.otf in Resources */,
				01E4621C2C674D6600FD6EF3 /* Pretendard-Thin.otf in Resources */,
				9D4F37662C66915900DD96B0 /* Assets.xcassets in Resources */,
			);
			runOnlyForDeploymentPostprocessing = 0;
		};
/* End PBXResourcesBuildPhase section */

/* Begin PBXSourcesBuildPhase section */
		9D4F37582C66915800DD96B0 /* Sources */ = {
			isa = PBXSourcesBuildPhase;
			buildActionMask = 2147483647;
			files = (
				01E4621E2C675CD400FD6EF3 /* DateManager.swift in Sources */,
				01E462342C67B03B00FD6EF3 /* SymptomsView.swift in Sources */,
				010F9DBB2C67BBA200CCC355 /* SelectView.swift in Sources */,
				010F9DBC2C67BBA200CCC355 /* HiHaedalView.swift in Sources */,
				01E462092C67402B00FD6EF3 /* api.swift in Sources */,
				01E462222C67880900FD6EF3 /* LottieView.swift in Sources */,
				01E462312C67B03B00FD6EF3 /* IngredientView.swift in Sources */,
				01E462332C67B03B00FD6EF3 /* IngredientDetailView.swift in Sources */,
				010F9DC02C67C3BD00CCC355 /* ContentViewModel.swift in Sources */,
				9D4F37622C66915800DD96B0 /* ContentView.swift in Sources */,
				010F9DBE2C67BC8700CCC355 /* MainView.swift in Sources */,
				63047F852C670CED00995467 /* OnboardingVIew.swift in Sources */,
				01E462082C67402B00FD6EF3 /* gpt.swift in Sources */,
				01E462322C67B03B00FD6EF3 /* RecommandView.swift in Sources */,
				9D4F37602C66915800DD96B0 /* Can_I_eat_gwamegi_App.swift in Sources */,
				01BFC0D12C67E965001E043A /* TestView.swift in Sources */,
				63A7C7892C677E78006536BD /* IngView.swift in Sources */,
			);
			runOnlyForDeploymentPostprocessing = 0;
		};
/* End PBXSourcesBuildPhase section */

/* Begin XCBuildConfiguration section */
		9D4F376A2C66915900DD96B0 /* Debug */ = {
			isa = XCBuildConfiguration;
			buildSettings = {
				ALWAYS_SEARCH_USER_PATHS = NO;
				ASSETCATALOG_COMPILER_GENERATE_SWIFT_ASSET_SYMBOL_EXTENSIONS = YES;
				CLANG_ANALYZER_NONNULL = YES;
				CLANG_ANALYZER_NUMBER_OBJECT_CONVERSION = YES_AGGRESSIVE;
				CLANG_CXX_LANGUAGE_STANDARD = "gnu++20";
				CLANG_ENABLE_MODULES = YES;
				CLANG_ENABLE_OBJC_ARC = YES;
				CLANG_ENABLE_OBJC_WEAK = YES;
				CLANG_WARN_BLOCK_CAPTURE_AUTORELEASING = YES;
				CLANG_WARN_BOOL_CONVERSION = YES;
				CLANG_WARN_COMMA = YES;
				CLANG_WARN_CONSTANT_CONVERSION = YES;
				CLANG_WARN_DEPRECATED_OBJC_IMPLEMENTATIONS = YES;
				CLANG_WARN_DIRECT_OBJC_ISA_USAGE = YES_ERROR;
				CLANG_WARN_DOCUMENTATION_COMMENTS = YES;
				CLANG_WARN_EMPTY_BODY = YES;
				CLANG_WARN_ENUM_CONVERSION = YES;
				CLANG_WARN_INFINITE_RECURSION = YES;
				CLANG_WARN_INT_CONVERSION = YES;
				CLANG_WARN_NON_LITERAL_NULL_CONVERSION = YES;
				CLANG_WARN_OBJC_IMPLICIT_RETAIN_SELF = YES;
				CLANG_WARN_OBJC_LITERAL_CONVERSION = YES;
				CLANG_WARN_OBJC_ROOT_CLASS = YES_ERROR;
				CLANG_WARN_QUOTED_INCLUDE_IN_FRAMEWORK_HEADER = YES;
				CLANG_WARN_RANGE_LOOP_ANALYSIS = YES;
				CLANG_WARN_STRICT_PROTOTYPES = YES;
				CLANG_WARN_SUSPICIOUS_MOVE = YES;
				CLANG_WARN_UNGUARDED_AVAILABILITY = YES_AGGRESSIVE;
				CLANG_WARN_UNREACHABLE_CODE = YES;
				CLANG_WARN__DUPLICATE_METHOD_MATCH = YES;
				COPY_PHASE_STRIP = NO;
				DEBUG_INFORMATION_FORMAT = dwarf;
				ENABLE_STRICT_OBJC_MSGSEND = YES;
				ENABLE_TESTABILITY = YES;
				ENABLE_USER_SCRIPT_SANDBOXING = YES;
				GCC_C_LANGUAGE_STANDARD = gnu17;
				GCC_DYNAMIC_NO_PIC = NO;
				GCC_NO_COMMON_BLOCKS = YES;
				GCC_OPTIMIZATION_LEVEL = 0;
				GCC_PREPROCESSOR_DEFINITIONS = (
					"DEBUG=1",
					"$(inherited)",
				);
				GCC_WARN_64_TO_32_BIT_CONVERSION = YES;
				GCC_WARN_ABOUT_RETURN_TYPE = YES_ERROR;
				GCC_WARN_UNDECLARED_SELECTOR = YES;
				GCC_WARN_UNINITIALIZED_AUTOS = YES_AGGRESSIVE;
				GCC_WARN_UNUSED_FUNCTION = YES;
				GCC_WARN_UNUSED_VARIABLE = YES;
				IPHONEOS_DEPLOYMENT_TARGET = 17.4;
				LOCALIZATION_PREFERS_STRING_CATALOGS = YES;
				MTL_ENABLE_DEBUG_INFO = INCLUDE_SOURCE;
				MTL_FAST_MATH = YES;
				ONLY_ACTIVE_ARCH = YES;
				SDKROOT = iphoneos;
				SWIFT_ACTIVE_COMPILATION_CONDITIONS = "DEBUG $(inherited)";
				SWIFT_OPTIMIZATION_LEVEL = "-Onone";
			};
			name = Debug;
		};
		9D4F376B2C66915900DD96B0 /* Release */ = {
			isa = XCBuildConfiguration;
			buildSettings = {
				ALWAYS_SEARCH_USER_PATHS = NO;
				ASSETCATALOG_COMPILER_GENERATE_SWIFT_ASSET_SYMBOL_EXTENSIONS = YES;
				CLANG_ANALYZER_NONNULL = YES;
				CLANG_ANALYZER_NUMBER_OBJECT_CONVERSION = YES_AGGRESSIVE;
				CLANG_CXX_LANGUAGE_STANDARD = "gnu++20";
				CLANG_ENABLE_MODULES = YES;
				CLANG_ENABLE_OBJC_ARC = YES;
				CLANG_ENABLE_OBJC_WEAK = YES;
				CLANG_WARN_BLOCK_CAPTURE_AUTORELEASING = YES;
				CLANG_WARN_BOOL_CONVERSION = YES;
				CLANG_WARN_COMMA = YES;
				CLANG_WARN_CONSTANT_CONVERSION = YES;
				CLANG_WARN_DEPRECATED_OBJC_IMPLEMENTATIONS = YES;
				CLANG_WARN_DIRECT_OBJC_ISA_USAGE = YES_ERROR;
				CLANG_WARN_DOCUMENTATION_COMMENTS = YES;
				CLANG_WARN_EMPTY_BODY = YES;
				CLANG_WARN_ENUM_CONVERSION = YES;
				CLANG_WARN_INFINITE_RECURSION = YES;
				CLANG_WARN_INT_CONVERSION = YES;
				CLANG_WARN_NON_LITERAL_NULL_CONVERSION = YES;
				CLANG_WARN_OBJC_IMPLICIT_RETAIN_SELF = YES;
				CLANG_WARN_OBJC_LITERAL_CONVERSION = YES;
				CLANG_WARN_OBJC_ROOT_CLASS = YES_ERROR;
				CLANG_WARN_QUOTED_INCLUDE_IN_FRAMEWORK_HEADER = YES;
				CLANG_WARN_RANGE_LOOP_ANALYSIS = YES;
				CLANG_WARN_STRICT_PROTOTYPES = YES;
				CLANG_WARN_SUSPICIOUS_MOVE = YES;
				CLANG_WARN_UNGUARDED_AVAILABILITY = YES_AGGRESSIVE;
				CLANG_WARN_UNREACHABLE_CODE = YES;
				CLANG_WARN__DUPLICATE_METHOD_MATCH = YES;
				COPY_PHASE_STRIP = NO;
				DEBUG_INFORMATION_FORMAT = "dwarf-with-dsym";
				ENABLE_NS_ASSERTIONS = NO;
				ENABLE_STRICT_OBJC_MSGSEND = YES;
				ENABLE_USER_SCRIPT_SANDBOXING = YES;
				GCC_C_LANGUAGE_STANDARD = gnu17;
				GCC_NO_COMMON_BLOCKS = YES;
				GCC_WARN_64_TO_32_BIT_CONVERSION = YES;
				GCC_WARN_ABOUT_RETURN_TYPE = YES_ERROR;
				GCC_WARN_UNDECLARED_SELECTOR = YES;
				GCC_WARN_UNINITIALIZED_AUTOS = YES_AGGRESSIVE;
				GCC_WARN_UNUSED_FUNCTION = YES;
				GCC_WARN_UNUSED_VARIABLE = YES;
				IPHONEOS_DEPLOYMENT_TARGET = 17.4;
				LOCALIZATION_PREFERS_STRING_CATALOGS = YES;
				MTL_ENABLE_DEBUG_INFO = NO;
				MTL_FAST_MATH = YES;
				SDKROOT = iphoneos;
				SWIFT_COMPILATION_MODE = wholemodule;
				VALIDATE_PRODUCT = YES;
			};
			name = Release;
		};
		9D4F376D2C66915900DD96B0 /* Debug */ = {
			isa = XCBuildConfiguration;
			buildSettings = {
				ASSETCATALOG_COMPILER_APPICON_NAME = AppIcon;
				ASSETCATALOG_COMPILER_GLOBAL_ACCENT_COLOR_NAME = AccentColor;
				CODE_SIGN_STYLE = Automatic;
				CURRENT_PROJECT_VERSION = 1;
				DEVELOPMENT_ASSET_PATHS = "\"Can I eat gwamegi?/Preview Content\"";
				DEVELOPMENT_TEAM = WAC2RPX5HC;
				ENABLE_PREVIEWS = YES;
				GENERATE_INFOPLIST_FILE = YES;
				INFOPLIST_FILE = "Can-I-eat-gwamegi--Info.plist";
				INFOPLIST_KEY_UIApplicationSceneManifest_Generation = YES;
				INFOPLIST_KEY_UIApplicationSupportsIndirectInputEvents = YES;
				INFOPLIST_KEY_UILaunchScreen_Generation = YES;
				INFOPLIST_KEY_UISupportedInterfaceOrientations_iPad = "UIInterfaceOrientationPortrait UIInterfaceOrientationPortraitUpsideDown UIInterfaceOrientationLandscapeLeft UIInterfaceOrientationLandscapeRight";
				INFOPLIST_KEY_UISupportedInterfaceOrientations_iPhone = "UIInterfaceOrientationPortrait UIInterfaceOrientationLandscapeLeft UIInterfaceOrientationLandscapeRight";
				LD_RUNPATH_SEARCH_PATHS = (
					"$(inherited)",
					"@executable_path/Frameworks",
				);
				MARKETING_VERSION = 1.0;
				PRODUCT_BUNDLE_IDENTIFIER = "io.github.picturehouse.Can-I-eat-gwamegi-";
				PRODUCT_NAME = "$(TARGET_NAME)";
				SWIFT_EMIT_LOC_STRINGS = YES;
				SWIFT_VERSION = 5.0;
				TARGETED_DEVICE_FAMILY = "1,2";
			};
			name = Debug;
		};
		9D4F376E2C66915900DD96B0 /* Release */ = {
			isa = XCBuildConfiguration;
			buildSettings = {
				ASSETCATALOG_COMPILER_APPICON_NAME = AppIcon;
				ASSETCATALOG_COMPILER_GLOBAL_ACCENT_COLOR_NAME = AccentColor;
				CODE_SIGN_STYLE = Automatic;
				CURRENT_PROJECT_VERSION = 1;
				DEVELOPMENT_ASSET_PATHS = "\"Can I eat gwamegi?/Preview Content\"";
				DEVELOPMENT_TEAM = WAC2RPX5HC;
				ENABLE_PREVIEWS = YES;
				GENERATE_INFOPLIST_FILE = YES;
				INFOPLIST_FILE = "Can-I-eat-gwamegi--Info.plist";
				INFOPLIST_KEY_UIApplicationSceneManifest_Generation = YES;
				INFOPLIST_KEY_UIApplicationSupportsIndirectInputEvents = YES;
				INFOPLIST_KEY_UILaunchScreen_Generation = YES;
				INFOPLIST_KEY_UISupportedInterfaceOrientations_iPad = "UIInterfaceOrientationPortrait UIInterfaceOrientationPortraitUpsideDown UIInterfaceOrientationLandscapeLeft UIInterfaceOrientationLandscapeRight";
				INFOPLIST_KEY_UISupportedInterfaceOrientations_iPhone = "UIInterfaceOrientationPortrait UIInterfaceOrientationLandscapeLeft UIInterfaceOrientationLandscapeRight";
				LD_RUNPATH_SEARCH_PATHS = (
					"$(inherited)",
					"@executable_path/Frameworks",
				);
				MARKETING_VERSION = 1.0;
				PRODUCT_BUNDLE_IDENTIFIER = "io.github.picturehouse.Can-I-eat-gwamegi-";
				PRODUCT_NAME = "$(TARGET_NAME)";
				SWIFT_EMIT_LOC_STRINGS = YES;
				SWIFT_VERSION = 5.0;
				TARGETED_DEVICE_FAMILY = "1,2";
			};
			name = Release;
		};
/* End XCBuildConfiguration section */

/* Begin XCConfigurationList section */
		9D4F37572C66915800DD96B0 /* Build configuration list for PBXProject "Can I eat gwamegi?" */ = {
			isa = XCConfigurationList;
			buildConfigurations = (
				9D4F376A2C66915900DD96B0 /* Debug */,
				9D4F376B2C66915900DD96B0 /* Release */,
			);
			defaultConfigurationIsVisible = 0;
			defaultConfigurationName = Release;
		};
		9D4F376C2C66915900DD96B0 /* Build configuration list for PBXNativeTarget "Can I eat gwamegi?" */ = {
			isa = XCConfigurationList;
			buildConfigurations = (
				9D4F376D2C66915900DD96B0 /* Debug */,
				9D4F376E2C66915900DD96B0 /* Release */,
			);
			defaultConfigurationIsVisible = 0;
			defaultConfigurationName = Release;
		};
/* End XCConfigurationList section */

/* Begin XCRemoteSwiftPackageReference section */
		63A7C78C2C677EC9006536BD /* XCRemoteSwiftPackageReference "lottie-ios" */ = {
			isa = XCRemoteSwiftPackageReference;
			repositoryURL = "https://github.com/airbnb/lottie-ios.git";
			requirement = {
				kind = upToNextMajorVersion;
				minimumVersion = 4.5.0;
			};
		};
/* End XCRemoteSwiftPackageReference section */

/* Begin XCSwiftPackageProductDependency section */
		63A7C78D2C677EC9006536BD /* Lottie */ = {
			isa = XCSwiftPackageProductDependency;
			package = 63A7C78C2C677EC9006536BD /* XCRemoteSwiftPackageReference "lottie-ios" */;
			productName = Lottie;
		};
/* End XCSwiftPackageProductDependency section */
	};
	rootObject = 9D4F37542C66915800DD96B0 /* Project object */;
}
